github.com/aaronland/go-http-bootstrap v0.5.0 h1:+GOVYhJyiPo2gvBe36a0HLckRWZyzRktQ/hVOpVuSAk=
github.com/aaronland/go-http-bootstrap v0.5.0/go.mod h1:/fhvNRtvbn+b7aPapf0McoH05Oxzw6L68OolElAK9T0=
github.com/aaronland/go-http-rewrite v1.1.2 h1:OODm8DMCXf37Vv6enmBJk/uDYGl/iu/rzN+oCahPrz0=
github.com/aaronland/go-http-rewrite v1.1.2/go.mod h1:SPmi9kmIkA8Qdd0OH8FjWtBGyLJ56FiowEfnIoRmeq8=
github.com/aaronland/go-http-server/v2 v2.0.1 h1:NyC0Xyli+PTzai8YGcfUvK2SQarObjGfgj0A7OWQCaY=
github.com/aaronland/go-http-server/v2 v2.0.1/go.mod h1:xIqgVmPUBUQv8yFMDaYJ8x+fYmxNGKzBmRsuppdR5D0=
github.com/aaronland/go-http-static v0.0.5 h1:9Q7FHZIKJrSXDxNVgfLhgfPhNMzG4FLaMg/FS/1qhrQ=
github.com/aaronland/go-http-static v0.0.5/go.mod h1:cBhgLCYJXKpx7GfMNkNTVOR6R4xhqkiPAdU1YxYZTsI=
github.com/aaronland/go-http/v3 v3.0.0 h1:qHvdbtt1WI+OkMmmoSUpAte0sTFe/VrHJZtPPnYNYYM=
github.com/aaronland/go-http/v3 v3.0.0/go.mod h1:uPmDR+NZ5e9eeeOZnz+A5/sQ35N/aw6JW/267Ldju7k=
github.com/aaronland/go-roster v1.0.0 h1:FRDGrTqsYySKjWnAhbBGXyeGlI/o5/t9FZYCbUmyQtI=
github.com/aaronland/go-roster v1.0.0/go.mod h1:KIsYZgrJlAsyb9LsXSCvlqvbcCBVjCSqcQiZx42i9ro=
github.com/akrylysov/algnhsa v1.1.0 h1:G0SoP16tMRyiism7VNc3JFA0wq/cVgEkp/ExMVnc6PQ=
github.com/akrylysov/algnhsa v1.1.0/go.mod h1:+bOweRs/WBu5awl+ifCoSYAuKVPAmoTk8XOMrZ1xwiw=
github.com/aws/aws-lambda-go v1.49.0 h1:z4VhTqkFZPM3xpEtTqWqRqsRH4TZBMJqTkRiBPYLqIQ=
github.com/aws/aws-lambda-go v1.49.0/go.mod h1:dpMpZgvWx5vuQJfBt0zqBha60q7Dd7RfgJv23DymV8A=
github.com/davecgh/go-spew v1.1.1 h1:vj9j/u1bqnvCEfJOwUhtlOARqs3+rkHYY13jYWTU97c=
github.com/davecgh/go-spew v1.1.1/go.mod h1:J7Y8YcW2NihsgmVo/mv3lAwl/skON4iLHjSsI+c5H38=
github.com/pmezard/go-difflib v1.0.0 h1:4DBwDE0NGyQoBHbLQYPwSUPoCMWR5BEzIk/f1lZbAQM=
github.com/pmezard/go-difflib v1.0.0/go.mod h1:iKH77koFhYxTK1pcRnkKkqfTogsbg7gZNVY4sRDYZ/4=
github.com/sfomuseum/go-flags v0.11.0 h1:HmMm5DgLxgz8iaNsvJ79dyRXjuAyX/fruqkBeHmopL0=
github.com/sfomuseum/go-flags v0.11.0/go.mod h1:cUTByyudaM9d+iHwxsEpyYHemWVOGL/bqTRPIvydiC8=
github.com/sfomuseum/go-http-rollup v0.0.3 h1:N3CnjZluhzRhqPpdM+GTuzCnjM0V5xtPX+LeCgZWhTA=
github.com/sfomuseum/go-http-rollup v0.0.3/go.mod h1:oJTnBzj3afHHYtHSuG2yDD459ctZHwy3zlKtbJl/BTQ=
github.com/sfomuseum/go-template v1.10.1 h1:VXStcvhuKjnwrHn+c2IKaBHK5OvR5X4NonPpm7r7efY=
github.com/sfomuseum/go-template v1.10.1/go.mod h1:gRdghrBjP7d+xUjMI4hlBt/lue/YPzuzwu8Zqo0aGHk=
github.com/skip2/go-qrcode v0.0.0-20200617195104-da1b6568686e h1:MRM5ITcdelLK2j1vwZ3Je0FKVCfqOLp5zO6trqMLYs0=
github.com/skip2/go-qrcode v0.0.0-20200617195104-da1b6568686e/go.mod h1:XV66xRDqSt+GTGFMVlhk3ULuV0y9ZmzeVGR4mloJI3M=
github.com/stretchr/testify v1.7.2 h1:4jaiDzPyXQvSd7D0EjG45355tLlV3VOECpq10pLC+8s=
github.com/stretchr/testify v1.7.2/go.mod h1:R6va5+xMeoiuVRoj+gSkQ7d3FALtqAAGI1FQKckRals=
github.com/tdewolff/minify/v2 v2.23.11 h1:cZqTVCtuVvPC8/GbCvYgIcdAQGmoxEObZzKeKIUixTE=
github.com/tdewolff/minify/v2 v2.23.11/go.mod h1:vmkbfGQ5hp/eYB+TswNWKma67S0a+32HBL+mFWxjZ2Q=
github.com/tdewolff/parse/v2 v2.8.2-0.20250806174018-50048bb39781 h1:2qicgFovKg1XtX7Wf6GwexUdpb7q/jMIE2IgkYsVAvE=
github.com/tdewolff/parse/v2 v2.8.2-0.20250806174018-50048bb39781/go.mod h1:Hwlni2tiVNKyzR1o6nUs4FOF07URA+JLBLd6dlIXYqo=
github.com/tdewolff/test v1.0.11 h1:FdLbwQVHxqG16SlkGveC0JVyrJN62COWTRyUFzfbtBE=
github.com/tdewolff/test v1.0.11/go.mod h1:XPuWBzvdUzhCuxWO1ojpXsyzsA5bFoS3tO/Q3kFuTG8=
github.com/tidwall/gjson v1.18.0 h1:FIDeeyB800efLX89e5a8Y0BNH+LOngJyGrIWxG2FKQY=
github.com/tidwall/gjson v1.18.0/go.mod h1:/wbyibRr2FHMks5tjHJ5F8dMZh3AcwJEMf5vlfC0lxk=
github.com/tidwall/match v1.1.1 h1:+Ho715JplO36QYgwN9PGYNhgZvoUSc9X2c80KVTi+GA=
github.com/tidwall/match v1.1.1/go.mod h1:eRSPERbgtNPcGhD8UCthc6PmLEQXEWd3PRB5JTxsfmM=
github.com/tidwall/pretty v1.2.0 h1:RWIZEg2iJ8/g6fDDYzMpobmaoGh5OLl4AXtGUGPcqCs=
github.com/tidwall/pretty v1.2.0/go.mod h1:ITEVvHYasfjBbM0u2Pg8T2nJnzm8xPwvNhhsoaGGjNU=
golang.org/x/net v0.43.0 h1:lat02VYK2j4aLzMzecihNvTlJNQUq316m2Mr9rnM6YE=
golang.org/x/net v0.43.0/go.mod h1:vhO1fvI4dGsIjh73sWfUVjj3N7CA9WkKJNQm2svM6Jg=
gopkg.in/yaml.v3 v3.0.1 h1:fxVm/GzAzEWqLHuvctI91KS9hhNmmWOoWu0XTYJS7CA=
gopkg.in/yaml.v3 v3.0.1/go.mod h1:K4uyk7z7BCEPqu6E+C64Yfv1cQ7kz7rIZviUmN+EgEM=
